
Microsoft Visual Studio Solution File, Format Version 12.00
# Visual Studio Version 17
VisualStudioVersion = 17.4.33205.214
MinimumVisualStudioVersion = 10.0.40219.1
Project("{FAE04EC0-301F-11D3-BF4B-00C04F79EFBC}") = "ExpenceTracker", "ExpenceTracker\ExpenceTracker.csproj", "{9AA4411D-51F9-46B7-B7AB-D57D6EB7527F}"
EndProject
Global
	GlobalSection(SolutionConfigurationPlatforms) = preSolution
		Debug|Any CPU = Debug|Any CPU
		Release|Any CPU = Release|Any CPU
	EndGlobalSection
	GlobalSection(ProjectConfigurationPlatforms) = postSolution
		{9AA4411D-51F9-46B7-B7AB-D57D6EB7527F}.Debug|Any CPU.ActiveCfg = Debug|Any CPU
		{9AA4411D-51F9-46B7-B7AB-D57D6EB7527F}.Debug|Any CPU.Build.0 = Debug|Any CPU
		{9AA4411D-51F9-46B7-B7AB-D57D6EB7527F}.Release|Any CPU.ActiveCfg = Release|Any CPU
		{9AA4411D-51F9-46B7-B7AB-D57D6EB7527F}.Release|Any CPU.Build.0 = Release|Any CPU
	EndGlobalSection
	GlobalSection(SolutionProperties) = preSolution
		HideSolutionNode = FALSE
	EndGlobalSection
	GlobalSection(ExtensibilityGlobals) = postSolution
		SolutionGuid = {7318E3F4-07FD-498D-99FE-507C91CF0ADE}
	EndGlobalSection
EndGlobal
